
Microsoft Visual Studio Solution File, Format Version 12.00
# Visual Studio Version 17
VisualStudioVersion = 17.0.32112.339
MinimumVisualStudioVersion = 10.0.40219.1
Project("{FAE04EC0-301F-11D3-BF4B-00C04F79EFBC}") = "DistrictPassportBlz0", "DistrictPassportBlz0\DistrictPassportBlz0.csproj", "{44EB426A-13DC-4726-BCF3-275F75913EAA}"
EndProject
Project("{FAE04EC0-301F-11D3-BF4B-00C04F79EFBC}") = "DistrictPassportLibrary", "DistrictPassportLibrary\DistrictPassportLibrary.csproj", "{72EFFE88-5083-434F-AB59-CF720AEFEBCF}"
EndProject
Global
	GlobalSection(SolutionConfigurationPlatforms) = preSolution
		Debug|Any CPU = Debug|Any CPU
		Release|Any CPU = Release|Any CPU
	EndGlobalSection
	GlobalSection(ProjectConfigurationPlatforms) = postSolution
		{44EB426A-13DC-4726-BCF3-275F75913EAA}.Debug|Any CPU.ActiveCfg = Debug|Any CPU
		{44EB426A-13DC-4726-BCF3-275F75913EAA}.Debug|Any CPU.Build.0 = Debug|Any CPU
		{44EB426A-13DC-4726-BCF3-275F75913EAA}.Release|Any CPU.ActiveCfg = Release|Any CPU
		{44EB426A-13DC-4726-BCF3-275F75913EAA}.Release|Any CPU.Build.0 = Release|Any CPU
		{72EFFE88-5083-434F-AB59-CF720AEFEBCF}.Debug|Any CPU.ActiveCfg = Debug|Any CPU
		{72EFFE88-5083-434F-AB59-CF720AEFEBCF}.Debug|Any CPU.Build.0 = Debug|Any CPU
		{72EFFE88-5083-434F-AB59-CF720AEFEBCF}.Release|Any CPU.ActiveCfg = Release|Any CPU
		{72EFFE88-5083-434F-AB59-CF720AEFEBCF}.Release|Any CPU.Build.0 = Release|Any CPU
	EndGlobalSection
	GlobalSection(SolutionProperties) = preSolution
		HideSolutionNode = FALSE
	EndGlobalSection
	GlobalSection(ExtensibilityGlobals) = postSolution
		SolutionGuid = {5A39A71C-BB51-49F4-875C-90A44C1E4232}
	EndGlobalSection
EndGlobal
